
Microsoft Visual Studio Solution File, Format Version 12.00
# Visual Studio Version 17
VisualStudioVersion = 17.9.34728.123
MinimumVisualStudioVersion = 10.0.40219.1
Project("{9A19103F-16F7-4668-BE54-9A1E7A4F7556}") = "gurosi", "gurosi\gurosi.csproj", "{865EA3D1-4695-4517-8219-C28751195EFD}"
EndProject
Project("{FAE04EC0-301F-11D3-BF4B-00C04F79EFBC}") = "test", "test\test.csproj", "{BEEB9DB9-E31A-480C-B04E-1259D63A30F0}"
EndProject
Global
	GlobalSection(SolutionConfigurationPlatforms) = preSolution
		Debug|Any CPU = Debug|Any CPU
		Release|Any CPU = Release|Any CPU
	EndGlobalSection
	GlobalSection(ProjectConfigurationPlatforms) = postSolution
		{865EA3D1-4695-4517-8219-C28751195EFD}.Debug|Any CPU.ActiveCfg = Debug|Any CPU
		{865EA3D1-4695-4517-8219-C28751195EFD}.Debug|Any CPU.Build.0 = Debug|Any CPU
		{865EA3D1-4695-4517-8219-C28751195EFD}.Release|Any CPU.ActiveCfg = Release|Any CPU
		{865EA3D1-4695-4517-8219-C28751195EFD}.Release|Any CPU.Build.0 = Release|Any CPU
		{BEEB9DB9-E31A-480C-B04E-1259D63A30F0}.Debug|Any CPU.ActiveCfg = Debug|Any CPU
		{BEEB9DB9-E31A-480C-B04E-1259D63A30F0}.Debug|Any CPU.Build.0 = Debug|Any CPU
		{BEEB9DB9-E31A-480C-B04E-1259D63A30F0}.Release|Any CPU.ActiveCfg = Release|Any CPU
		{BEEB9DB9-E31A-480C-B04E-1259D63A30F0}.Release|Any CPU.Build.0 = Release|Any CPU
	EndGlobalSection
	GlobalSection(SolutionProperties) = preSolution
		HideSolutionNode = FALSE
	EndGlobalSection
	GlobalSection(ExtensibilityGlobals) = postSolution
		SolutionGuid = {29B6C7AD-7D2C-4C58-963B-D8F89D659DA8}
	EndGlobalSection
EndGlobal
